<?xml version="1.0" encoding="utf-8"?>
<Project ToolsVersion="4.0" xmlns="http://schemas.microsoft.com/developer/msbuild/2003">
  <ItemGroup>
    <Filter Include="Source Files">
      <UniqueIdentifier>{4FC737F1-C7A5-4376-A066-2A32D752A2FF}</UniqueIdentifier>
      <Extensions>cpp;c;cc;cxx;def;odl;idl;hpj;bat;asm;asmx</Extensions>
    </Filter>
    <Filter Include="Header Files">
      <UniqueIdentifier>{93995380-89BD-4b04-88EB-625FBE52EBFB}</UniqueIdentifier>
      <Extensions>h;hh;hpp;hxx;hm;inl;inc;ipp;xsd</Extensions>
    </Filter>
    <Filter Include="Resource Files">
      <UniqueIdentifier>{67DA6AB6-F800-4c08-8B7A-83BB121AAD01}</UniqueIdentifier>
      <Extensions>rc;ico;cur;bmp;dlg;rc2;rct;bin;rgs;gif;jpg;jpeg;jpe;resx;tiff;tif;png;wav;mfcribbon-ms</Extensions>
    </Filter>
  </ItemGroup>
  <ItemGroup>
    <ClInclude Include="ICS_211a.h">
      <Filter>Header Files</Filter>
    </ClInclude>
    <ClInclude Include="targetver.h">
      <Filter>Header Files</Filter>
    </ClInclude>
    <ClInclude Include="ICS_211aDoc.h">
      <Filter>Header Files</Filter>
    </ClInclude>
    <ClInclude Include="ICS_211aView.h">
      <Filter>Header Files</Filter>
    </ClInclude>
    <ClInclude Include="Resource.h">
      <Filter>Header Files</Filter>
    </ClInclude>
    <ClInclude Include="stdafx.h">
      <Filter>Header Files</Filter>
    </ClInclude>
    <ClInclude Include="MainFrame.h">
      <Filter>Header Files</Filter>
    </ClInclude>
    <ClInclude Include="_CoreScanner.h">
      <Filter>Header Files</Filter>
    </ClInclude>
    <ClInclude Include="_CoreScanner_i.h">
      <Filter>Header Files</Filter>
    </ClInclude>
    <ClInclude Include="EventInfoDlg.h">
      <Filter>Header Files</Filter>
    </ClInclude>
    <ClInclude Include="Scanner.h">
      <Filter>Header Files</Filter>
    </ClInclude>
    <ClInclude Include="VisitorInfoDlg.h">
      <Filter>Header Files</Filter>
    </ClInclude>
    <ClInclude Include="EditEntryDlg.h">
      <Filter>Header Files</Filter>
    </ClInclude>
    <ClInclude Include="Defaulters.h">
      <Filter>Header Files</Filter>
    </ClInclude>
    <ClInclude Include="DefaultersDlg.h">
      <Filter>Header Files</Filter>
    </ClInclude>
    <ClInclude Include="Log211.h">
      <Filter>Header Files</Filter>
    </ClInclude>
    <ClInclude Include="EditEntry.h">
      <Filter>Header Files</Filter>
    </ClInclude>
    <ClInclude Include="Roster.h">
      <Filter>Header Files</Filter>
    </ClInclude>
    <ClInclude Include="RosterFilter.h">
      <Filter>Header Files</Filter>
    </ClInclude>
    <ClInclude Include="CheckInOutDlg.h">
      <Filter>Header Files</Filter>
    </ClInclude>
    <ClInclude Include="RosterRpt.h">
      <Filter>Header Files</Filter>
    </ClInclude>
    <ClInclude Include="Log211Rpt.h">
      <Filter>Header Files</Filter>
    </ClInclude>
    <ClInclude Include="Members.h">
      <Filter>Header Files</Filter>
    </ClInclude>
    <ClInclude Include="MembersRpt.h">
      <Filter>Header Files</Filter>
    </ClInclude>
    <ClInclude Include="MembersDlg.h">
      <Filter>Header Files</Filter>
    </ClInclude>
    <ClInclude Include="..\..\Library\Extras\CalibDspPrtDlg.h">
      <Filter>Header Files</Filter>
    </ClInclude>
    <ClInclude Include="Validate.h">
      <Filter>Header Files</Filter>
    </ClInclude>
    <ClInclude Include="..\..\Library\Extras\AboutDlg.h">
      <Filter>Header Files</Filter>
    </ClInclude>
    <ClInclude Include="..\..\Library\Extras\OptionsDlg.h">
      <Filter>Header Files</Filter>
    </ClInclude>
    <ClInclude Include="..\..\Library\Extras\RptOrientDlgFour.h">
      <Filter>Header Files</Filter>
    </ClInclude>
    <ClInclude Include="..\..\Library\Extras\ResourceExtra.h">
      <Filter>Header Files</Filter>
    </ClInclude>
  </ItemGroup>
  <ItemGroup>
    <ClCompile Include="ICS_211a.cpp">
      <Filter>Source Files</Filter>
    </ClCompile>
    <ClCompile Include="ICS_211aDoc.cpp">
      <Filter>Source Files</Filter>
    </ClCompile>
    <ClCompile Include="ICS_211aView.cpp">
      <Filter>Source Files</Filter>
    </ClCompile>
    <ClCompile Include="stdafx.cpp">
      <Filter>Source Files</Filter>
    </ClCompile>
    <ClCompile Include="MainFrame.cpp">
      <Filter>Source Files</Filter>
    </ClCompile>
    <ClCompile Include="EventInfoDlg.cpp">
      <Filter>Source Files</Filter>
    </ClCompile>
    <ClCompile Include="Scanner.cpp">
      <Filter>Source Files</Filter>
    </ClCompile>
    <ClCompile Include="VisitorInfoDlg.cpp">
      <Filter>Source Files</Filter>
    </ClCompile>
    <ClCompile Include="EditEntryDlg.cpp">
      <Filter>Source Files</Filter>
    </ClCompile>
    <ClCompile Include="Defaulters.cpp">
      <Filter>Source Files</Filter>
    </ClCompile>
    <ClCompile Include="Log211.cpp">
      <Filter>Source Files</Filter>
    </ClCompile>
    <ClCompile Include="DefaultersDlg.cpp">
      <Filter>Source Files</Filter>
    </ClCompile>
    <ClCompile Include="EditEntry.cpp">
      <Filter>Source Files</Filter>
    </ClCompile>
    <ClCompile Include="Roster.cpp">
      <Filter>Source Files</Filter>
    </ClCompile>
    <ClCompile Include="RosterFilter.cpp">
      <Filter>Source Files</Filter>
    </ClCompile>
    <ClCompile Include="CheckInOutDlg.cpp">
      <Filter>Source Files</Filter>
    </ClCompile>
    <ClCompile Include="RosterRpt.cpp">
      <Filter>Source Files</Filter>
    </ClCompile>
    <ClCompile Include="Log211Rpt.cpp">
      <Filter>Source Files</Filter>
    </ClCompile>
    <ClCompile Include="Members.cpp">
      <Filter>Source Files</Filter>
    </ClCompile>
    <ClCompile Include="MembersRpt.cpp">
      <Filter>Source Files</Filter>
    </ClCompile>
    <ClCompile Include="MembersDlg.cpp">
      <Filter>Source Files</Filter>
    </ClCompile>
    <ClCompile Include="..\..\Library\Extras\CalibDspPrtDlg.cpp">
      <Filter>Source Files</Filter>
    </ClCompile>
    <ClCompile Include="Validate.cpp">
      <Filter>Source Files</Filter>
    </ClCompile>
    <ClCompile Include="..\..\Library\Extras\AboutDlg.cpp">
      <Filter>Source Files</Filter>
    </ClCompile>
    <ClCompile Include="..\..\Library\Extras\OptionsDlg.cpp">
      <Filter>Source Files</Filter>
    </ClCompile>
    <ClCompile Include="..\..\Library\Extras\RptOrientDlgFour.cpp">
      <Filter>Source Files</Filter>
    </ClCompile>
  </ItemGroup>
  <ItemGroup>
    <ResourceCompile Include="ICS_211a.rc">
      <Filter>Resource Files</Filter>
    </ResourceCompile>
  </ItemGroup>
  <ItemGroup>
    <None Include="res\ICS_211a.rc2">
      <Filter>Resource Files</Filter>
    </None>
    <None Include="..\README.md" />
    <None Include="..\Documentation\LandscapeMode.txt" />
    <None Include="res\Toolbar25.bmp">
      <Filter>Resource Files</Filter>
    </None>
    <None Include="..\..\Library\Extras\CalibDspPrtDlg.rc2">
      <Filter>Resource Files</Filter>
    </None>
    <None Include="..\..\Library\Extras\AboutDlg.rc2">
      <Filter>Resource Files</Filter>
    </None>
    <None Include="..\..\Library\Extras\Options.rc2">
      <Filter>Resource Files</Filter>
    </None>
    <None Include="C:\Users\rrvt\AppData\Roaming\ICS_211a\ICS_211a.ini" />
    <None Include="..\..\Library\Extras\RptOrientFour.rc2">
      <Filter>Resource Files</Filter>
    </None>
  </ItemGroup>
  <ItemGroup>
    <Image Include="res\ICS_211a.ico">
      <Filter>Resource Files</Filter>
    </Image>
    <Image Include="res\Toolbar46.bmp">
      <Filter>Resource Files</Filter>
    </Image>
    <Image Include="res\Toolbar48.bmp">
      <Filter>Resource Files</Filter>
    </Image>
  </ItemGroup>
</Project>
